PODS:
  - Kanna (5.2.4)
  - MSRichLinkPreview (0.1.2):
    - Kanna (= 5.2.4)

DEPENDENCIES:
  - Kanna
  - MSRichLinkPreview (from `../`)

SPEC REPOS:
  trunk:
    - Kanna

EXTERNAL SOURCES:
  MSRichLinkPreview:
    :path: "../"

SPEC CHECKSUMS:
  Kanna: b9d00d7c11428308c7f95e1f1f84b8205f567a8f
  MSRichLinkPreview: fe209c96ddd02369ba8fd854c1f808479f215a9b

PODFILE CHECKSUM: 9da08e261943de3f92bf09d61f9dff84dc9e8b5c

COCOAPODS: 1.10.1
